
Microsoft Visual Studio Solution File, Format Version 12.00
# Visual Studio Version 17
VisualStudioVersion = 17.6.33815.320
MinimumVisualStudioVersion = 10.0.40219.1
Project("{FAE04EC0-301F-11D3-BF4B-00C04F79EFBC}") = "ADONetLib", "ClassLibrary1\ADONetLib.csproj", "{535FB57B-0393-443B-9625-E60AC3070151}"
EndProject
Project("{FAE04EC0-301F-11D3-BF4B-00C04F79EFBC}") = "ADONetModuleConsole", "ADONetModuleConsole\ADONetModuleConsole.csproj", "{95F87E4B-EA3E-4231-BFE5-A43F7E6FE949}"
EndProject
Global
	GlobalSection(SolutionConfigurationPlatforms) = preSolution
		Debug|Any CPU = Debug|Any CPU
		Release|Any CPU = Release|Any CPU
	EndGlobalSection
	GlobalSection(ProjectConfigurationPlatforms) = postSolution
		{535FB57B-0393-443B-9625-E60AC3070151}.Debug|Any CPU.ActiveCfg = Debug|Any CPU
		{535FB57B-0393-443B-9625-E60AC3070151}.Debug|Any CPU.Build.0 = Debug|Any CPU
		{535FB57B-0393-443B-9625-E60AC3070151}.Release|Any CPU.ActiveCfg = Release|Any CPU
		{535FB57B-0393-443B-9625-E60AC3070151}.Release|Any CPU.Build.0 = Release|Any CPU
		{95F87E4B-EA3E-4231-BFE5-A43F7E6FE949}.Debug|Any CPU.ActiveCfg = Debug|Any CPU
		{95F87E4B-EA3E-4231-BFE5-A43F7E6FE949}.Debug|Any CPU.Build.0 = Debug|Any CPU
		{95F87E4B-EA3E-4231-BFE5-A43F7E6FE949}.Release|Any CPU.ActiveCfg = Release|Any CPU
		{95F87E4B-EA3E-4231-BFE5-A43F7E6FE949}.Release|Any CPU.Build.0 = Release|Any CPU
	EndGlobalSection
	GlobalSection(SolutionProperties) = preSolution
		HideSolutionNode = FALSE
	EndGlobalSection
	GlobalSection(ExtensibilityGlobals) = postSolution
		SolutionGuid = {7241EDA2-50A0-4A1F-80BC-1BC3FEEB8DAC}
	EndGlobalSection
EndGlobal
